
Microsoft Visual Studio Solution File, Format Version 12.00
# Visual Studio Version 17
VisualStudioVersion = 17.1.32319.34
MinimumVisualStudioVersion = 10.0.40219.1
Project("{FAE04EC0-301F-11D3-BF4B-00C04F79EFBC}") = "Api", "Api.csproj", "{FA3C166D-FD33-4A88-8815-DE34E56D55AF}"
EndProject
Project("{2150E333-8FDC-42A3-9474-1A3956D46DE8}") = "src", "src", "{EE810265-8417-4F3D-8EC8-3376E492B46B}"
EndProject
Global
	GlobalSection(SolutionConfigurationPlatforms) = preSolution
		Debug|Any CPU = Debug|Any CPU
		Release|Any CPU = Release|Any CPU
	EndGlobalSection
	GlobalSection(ProjectConfigurationPlatforms) = postSolution
		{FA3C166D-FD33-4A88-8815-DE34E56D55AF}.Debug|Any CPU.ActiveCfg = Debug|Any CPU
		{FA3C166D-FD33-4A88-8815-DE34E56D55AF}.Debug|Any CPU.Build.0 = Debug|Any CPU
		{FA3C166D-FD33-4A88-8815-DE34E56D55AF}.Release|Any CPU.ActiveCfg = Release|Any CPU
		{FA3C166D-FD33-4A88-8815-DE34E56D55AF}.Release|Any CPU.Build.0 = Release|Any CPU
	EndGlobalSection
	GlobalSection(SolutionProperties) = preSolution
		HideSolutionNode = FALSE
	EndGlobalSection
	GlobalSection(NestedProjects) = preSolution
		{FA3C166D-FD33-4A88-8815-DE34E56D55AF} = {EE810265-8417-4F3D-8EC8-3376E492B46B}
	EndGlobalSection
	GlobalSection(ExtensibilityGlobals) = postSolution
		SolutionGuid = {B6235364-AE26-4563-86FF-A5A0D6C6BC82}
	EndGlobalSection
EndGlobal
